
Microsoft Visual Studio Solution File, Format Version 12.00
# Visual Studio Version 17
VisualStudioVersion = 17.14.36414.22 d17.14
MinimumVisualStudioVersion = 10.0.40219.1
Project("{FAE04EC0-301F-11D3-BF4B-00C04F79EFBC}") = "QSoft.Multimedia.Container", "QSoft.Multimedia.Container\QSoft.Multimedia.Container.csproj", "{B9A44553-D9B4-453B-95F0-9F2D63D42B4B}"
EndProject
Project("{FAE04EC0-301F-11D3-BF4B-00C04F79EFBC}") = "QSoft.Multimedia.ContainerT", "QSoft.Multimedia.ContainerT\QSoft.Multimedia.ContainerT.csproj", "{9AEE425E-A55A-4552-9E7E-0C5A8E710311}"
EndProject
Global
	GlobalSection(SolutionConfigurationPlatforms) = preSolution
		Debug|Any CPU = Debug|Any CPU
		Release|Any CPU = Release|Any CPU
	EndGlobalSection
	GlobalSection(ProjectConfigurationPlatforms) = postSolution
		{B9A44553-D9B4-453B-95F0-9F2D63D42B4B}.Debug|Any CPU.ActiveCfg = Debug|Any CPU
		{B9A44553-D9B4-453B-95F0-9F2D63D42B4B}.Debug|Any CPU.Build.0 = Debug|Any CPU
		{B9A44553-D9B4-453B-95F0-9F2D63D42B4B}.Release|Any CPU.ActiveCfg = Release|Any CPU
		{B9A44553-D9B4-453B-95F0-9F2D63D42B4B}.Release|Any CPU.Build.0 = Release|Any CPU
		{9AEE425E-A55A-4552-9E7E-0C5A8E710311}.Debug|Any CPU.ActiveCfg = Debug|Any CPU
		{9AEE425E-A55A-4552-9E7E-0C5A8E710311}.Debug|Any CPU.Build.0 = Debug|Any CPU
		{9AEE425E-A55A-4552-9E7E-0C5A8E710311}.Release|Any CPU.ActiveCfg = Release|Any CPU
		{9AEE425E-A55A-4552-9E7E-0C5A8E710311}.Release|Any CPU.Build.0 = Release|Any CPU
	EndGlobalSection
	GlobalSection(SolutionProperties) = preSolution
		HideSolutionNode = FALSE
	EndGlobalSection
	GlobalSection(ExtensibilityGlobals) = postSolution
		SolutionGuid = {2472C923-8D95-4978-AAF5-80ECE32B2DB5}
	EndGlobalSection
EndGlobal
